
Microsoft Visual Studio Solution File, Format Version 12.00
# Visual Studio Version 17
VisualStudioVersion = 17.10.35004.147
MinimumVisualStudioVersion = 10.0.40219.1
Project("{FAE04EC0-301F-11D3-BF4B-00C04F79EFBC}") = "bai2", "bai2\bai2.csproj", "{C1B832CC-E726-4C31-A7EA-450BCA2DF050}"
EndProject
Global
	GlobalSection(SolutionConfigurationPlatforms) = preSolution
		Debug|Any CPU = Debug|Any CPU
		Release|Any CPU = Release|Any CPU
	EndGlobalSection
	GlobalSection(ProjectConfigurationPlatforms) = postSolution
		{C1B832CC-E726-4C31-A7EA-450BCA2DF050}.Debug|Any CPU.ActiveCfg = Debug|Any CPU
		{C1B832CC-E726-4C31-A7EA-450BCA2DF050}.Debug|Any CPU.Build.0 = Debug|Any CPU
		{C1B832CC-E726-4C31-A7EA-450BCA2DF050}.Release|Any CPU.ActiveCfg = Release|Any CPU
		{C1B832CC-E726-4C31-A7EA-450BCA2DF050}.Release|Any CPU.Build.0 = Release|Any CPU
	EndGlobalSection
	GlobalSection(SolutionProperties) = preSolution
		HideSolutionNode = FALSE
	EndGlobalSection
	GlobalSection(ExtensibilityGlobals) = postSolution
		SolutionGuid = {53A21DC8-39FF-4BB3-AEC5-F9F459BC59C6}
	EndGlobalSection
EndGlobal
